
Microsoft Visual Studio Solution File, Format Version 12.00
# Visual Studio Version 16
VisualStudioVersion = 16.0.29102.190
MinimumVisualStudioVersion = 10.0.40219.1
Project("{151D2E53-A2C4-4D7D-83FE-D05416EBD58E}") = "AzureTemplates", "AzureTemplates.deployproj", "{7C9265B9-A47D-4483-98F3-1A38E8A9E339}"
EndProject
Global
	GlobalSection(SolutionConfigurationPlatforms) = preSolution
		Debug|Any CPU = Debug|Any CPU
		Release|Any CPU = Release|Any CPU
	EndGlobalSection
	GlobalSection(ProjectConfigurationPlatforms) = postSolution
		{7C9265B9-A47D-4483-98F3-1A38E8A9E339}.Debug|Any CPU.ActiveCfg = Debug|Any CPU
		{7C9265B9-A47D-4483-98F3-1A38E8A9E339}.Debug|Any CPU.Build.0 = Debug|Any CPU
		{7C9265B9-A47D-4483-98F3-1A38E8A9E339}.Release|Any CPU.ActiveCfg = Release|Any CPU
		{7C9265B9-A47D-4483-98F3-1A38E8A9E339}.Release|Any CPU.Build.0 = Release|Any CPU
	EndGlobalSection
	GlobalSection(SolutionProperties) = preSolution
		HideSolutionNode = FALSE
	EndGlobalSection
	GlobalSection(ExtensibilityGlobals) = postSolution
		SolutionGuid = {52C4D730-1FEC-4F61-B959-D1F998D1FE39}
	EndGlobalSection
EndGlobal
